
Microsoft Visual Studio Solution File, Format Version 12.00
# Visual Studio Version 17
VisualStudioVersion = 17.2.32602.215
MinimumVisualStudioVersion = 10.0.40219.1
Project("{FAE04EC0-301F-11D3-BF4B-00C04F79EFBC}") = "SonosManager", "SonosManager\SonosManager.csproj", "{4DA16AD1-1814-4738-BD92-17109DA42021}"
EndProject
Project("{9A19103F-16F7-4668-BE54-9A1E7A4F7556}") = "SonosManagerApi", "SonosManagerAPI\SonosManagerApi.csproj", "{735CC12F-B0C9-4618-9288-83A782EAD3B0}"
EndProject
Global
	GlobalSection(SolutionConfigurationPlatforms) = preSolution
		Debug|Any CPU = Debug|Any CPU
		Release|Any CPU = Release|Any CPU
	EndGlobalSection
	GlobalSection(ProjectConfigurationPlatforms) = postSolution
		{4DA16AD1-1814-4738-BD92-17109DA42021}.Debug|Any CPU.ActiveCfg = Debug|Any CPU
		{4DA16AD1-1814-4738-BD92-17109DA42021}.Debug|Any CPU.Build.0 = Debug|Any CPU
		{4DA16AD1-1814-4738-BD92-17109DA42021}.Release|Any CPU.ActiveCfg = Release|Any CPU
		{4DA16AD1-1814-4738-BD92-17109DA42021}.Release|Any CPU.Build.0 = Release|Any CPU
		{735CC12F-B0C9-4618-9288-83A782EAD3B0}.Debug|Any CPU.ActiveCfg = Debug|Any CPU
		{735CC12F-B0C9-4618-9288-83A782EAD3B0}.Debug|Any CPU.Build.0 = Debug|Any CPU
		{735CC12F-B0C9-4618-9288-83A782EAD3B0}.Release|Any CPU.ActiveCfg = Release|Any CPU
		{735CC12F-B0C9-4618-9288-83A782EAD3B0}.Release|Any CPU.Build.0 = Release|Any CPU
	EndGlobalSection
	GlobalSection(SolutionProperties) = preSolution
		HideSolutionNode = FALSE
	EndGlobalSection
	GlobalSection(ExtensibilityGlobals) = postSolution
		SolutionGuid = {B0C47682-25AB-4059-B674-4B23ADDC636F}
	EndGlobalSection
EndGlobal
